
Microsoft Visual Studio Solution File, Format Version 12.00
# Visual Studio 15
VisualStudioVersion = 15.0.26124.0
MinimumVisualStudioVersion = 15.0.26124.0
Project("{FAE04EC0-301F-11D3-BF4B-00C04F79EFBC}") = "LaconicTests", "test\LaconicTests.csproj", "{AF0DBFD6-B05C-432E-B93F-CCAACEF61DCB}"
EndProject
Project("{FAE04EC0-301F-11D3-BF4B-00C04F79EFBC}") = "CodeGen.Controls", "tools\codegen-controls\CodeGen.Controls.csproj", "{D48E805B-2031-4512-8661-597D61740846}"
EndProject
Project("{FAE04EC0-301F-11D3-BF4B-00C04F79EFBC}") = "Demo", "demo\Demo.csproj", "{BABEF3B4-3826-44D7-B8AB-1730D3A7909D}"
EndProject
Project("{FAE04EC0-301F-11D3-BF4B-00C04F79EFBC}") = "Laconic", "src\Laconic.csproj", "{7B8A34D7-674A-43D7-A51B-264D081DAADB}"
EndProject
Global
	GlobalSection(SolutionConfigurationPlatforms) = preSolution
		Debug|Any CPU = Debug|Any CPU
		Debug|x64 = Debug|x64
		Debug|x86 = Debug|x86
		Release|Any CPU = Release|Any CPU
		Release|x64 = Release|x64
		Release|x86 = Release|x86
		Debug|iPhoneSimulator = Debug|iPhoneSimulator
		Release|iPhoneSimulator = Release|iPhoneSimulator
		Debug|iPhone = Debug|iPhone
		Release|iPhone = Release|iPhone
	EndGlobalSection
	GlobalSection(SolutionProperties) = preSolution
		HideSolutionNode = FALSE
	EndGlobalSection
	GlobalSection(ProjectConfigurationPlatforms) = postSolution
		{AF0DBFD6-B05C-432E-B93F-CCAACEF61DCB}.Debug|Any CPU.ActiveCfg = Debug|Any CPU
		{AF0DBFD6-B05C-432E-B93F-CCAACEF61DCB}.Debug|Any CPU.Build.0 = Debug|Any CPU
		{AF0DBFD6-B05C-432E-B93F-CCAACEF61DCB}.Release|Any CPU.ActiveCfg = Release|Any CPU
		{AF0DBFD6-B05C-432E-B93F-CCAACEF61DCB}.Release|Any CPU.Build.0 = Release|Any CPU
		{AF0DBFD6-B05C-432E-B93F-CCAACEF61DCB}.Debug|iPhoneSimulator.ActiveCfg = Debug|Any CPU
		{AF0DBFD6-B05C-432E-B93F-CCAACEF61DCB}.Debug|iPhoneSimulator.Build.0 = Debug|Any CPU
		{AF0DBFD6-B05C-432E-B93F-CCAACEF61DCB}.Release|iPhoneSimulator.ActiveCfg = Release|Any CPU
		{AF0DBFD6-B05C-432E-B93F-CCAACEF61DCB}.Release|iPhoneSimulator.Build.0 = Release|Any CPU
		{AF0DBFD6-B05C-432E-B93F-CCAACEF61DCB}.Debug|iPhone.ActiveCfg = Debug|Any CPU
		{AF0DBFD6-B05C-432E-B93F-CCAACEF61DCB}.Debug|iPhone.Build.0 = Debug|Any CPU
		{AF0DBFD6-B05C-432E-B93F-CCAACEF61DCB}.Release|iPhone.ActiveCfg = Release|Any CPU
		{AF0DBFD6-B05C-432E-B93F-CCAACEF61DCB}.Release|iPhone.Build.0 = Release|Any CPU
		{55ED297D-6A38-483D-82C8-2757366284B0}.Debug|Any CPU.ActiveCfg = Debug|Any CPU
		{55ED297D-6A38-483D-82C8-2757366284B0}.Debug|Any CPU.Build.0 = Debug|Any CPU
		{55ED297D-6A38-483D-82C8-2757366284B0}.Debug|x64.ActiveCfg = Debug|Any CPU
		{55ED297D-6A38-483D-82C8-2757366284B0}.Debug|x64.Build.0 = Debug|Any CPU
		{55ED297D-6A38-483D-82C8-2757366284B0}.Debug|x86.ActiveCfg = Debug|Any CPU
		{55ED297D-6A38-483D-82C8-2757366284B0}.Debug|x86.Build.0 = Debug|Any CPU
		{55ED297D-6A38-483D-82C8-2757366284B0}.Release|Any CPU.ActiveCfg = Release|Any CPU
		{55ED297D-6A38-483D-82C8-2757366284B0}.Release|Any CPU.Build.0 = Release|Any CPU
		{55ED297D-6A38-483D-82C8-2757366284B0}.Release|x64.ActiveCfg = Release|Any CPU
		{55ED297D-6A38-483D-82C8-2757366284B0}.Release|x64.Build.0 = Release|Any CPU
		{55ED297D-6A38-483D-82C8-2757366284B0}.Release|x86.ActiveCfg = Release|Any CPU
		{55ED297D-6A38-483D-82C8-2757366284B0}.Release|x86.Build.0 = Release|Any CPU
		{044BA40D-EFC6-4621-9EAB-E0BE1766350E}.Debug|Any CPU.ActiveCfg = Debug|Any CPU
		{044BA40D-EFC6-4621-9EAB-E0BE1766350E}.Debug|Any CPU.Build.0 = Debug|Any CPU
		{044BA40D-EFC6-4621-9EAB-E0BE1766350E}.Debug|x64.ActiveCfg = Debug|Any CPU
		{044BA40D-EFC6-4621-9EAB-E0BE1766350E}.Debug|x64.Build.0 = Debug|Any CPU
		{044BA40D-EFC6-4621-9EAB-E0BE1766350E}.Debug|x86.ActiveCfg = Debug|Any CPU
		{044BA40D-EFC6-4621-9EAB-E0BE1766350E}.Debug|x86.Build.0 = Debug|Any CPU
		{044BA40D-EFC6-4621-9EAB-E0BE1766350E}.Release|Any CPU.ActiveCfg = Release|Any CPU
		{044BA40D-EFC6-4621-9EAB-E0BE1766350E}.Release|Any CPU.Build.0 = Release|Any CPU
		{044BA40D-EFC6-4621-9EAB-E0BE1766350E}.Release|x64.ActiveCfg = Release|Any CPU
		{044BA40D-EFC6-4621-9EAB-E0BE1766350E}.Release|x64.Build.0 = Release|Any CPU
		{044BA40D-EFC6-4621-9EAB-E0BE1766350E}.Release|x86.ActiveCfg = Release|Any CPU
		{044BA40D-EFC6-4621-9EAB-E0BE1766350E}.Release|x86.Build.0 = Release|Any CPU
		{D48E805B-2031-4512-8661-597D61740846}.Debug|Any CPU.ActiveCfg = Debug|Any CPU
		{D48E805B-2031-4512-8661-597D61740846}.Debug|Any CPU.Build.0 = Debug|Any CPU
		{D48E805B-2031-4512-8661-597D61740846}.Release|Any CPU.ActiveCfg = Release|Any CPU
		{D48E805B-2031-4512-8661-597D61740846}.Release|Any CPU.Build.0 = Release|Any CPU
		{D48E805B-2031-4512-8661-597D61740846}.Debug|iPhoneSimulator.ActiveCfg = Debug|Any CPU
		{D48E805B-2031-4512-8661-597D61740846}.Debug|iPhoneSimulator.Build.0 = Debug|Any CPU
		{D48E805B-2031-4512-8661-597D61740846}.Release|iPhoneSimulator.ActiveCfg = Release|Any CPU
		{D48E805B-2031-4512-8661-597D61740846}.Release|iPhoneSimulator.Build.0 = Release|Any CPU
		{D48E805B-2031-4512-8661-597D61740846}.Debug|iPhone.ActiveCfg = Debug|Any CPU
		{D48E805B-2031-4512-8661-597D61740846}.Debug|iPhone.Build.0 = Debug|Any CPU
		{D48E805B-2031-4512-8661-597D61740846}.Release|iPhone.ActiveCfg = Release|Any CPU
		{D48E805B-2031-4512-8661-597D61740846}.Release|iPhone.Build.0 = Release|Any CPU
		{BABEF3B4-3826-44D7-B8AB-1730D3A7909D}.Debug|Any CPU.ActiveCfg = Debug|Any CPU
		{BABEF3B4-3826-44D7-B8AB-1730D3A7909D}.Debug|Any CPU.Build.0 = Debug|Any CPU
		{BABEF3B4-3826-44D7-B8AB-1730D3A7909D}.Debug|x64.ActiveCfg = Debug|Any CPU
		{BABEF3B4-3826-44D7-B8AB-1730D3A7909D}.Debug|x64.Build.0 = Debug|Any CPU
		{BABEF3B4-3826-44D7-B8AB-1730D3A7909D}.Debug|x86.ActiveCfg = Debug|Any CPU
		{BABEF3B4-3826-44D7-B8AB-1730D3A7909D}.Debug|x86.Build.0 = Debug|Any CPU
		{BABEF3B4-3826-44D7-B8AB-1730D3A7909D}.Release|Any CPU.ActiveCfg = Release|Any CPU
		{BABEF3B4-3826-44D7-B8AB-1730D3A7909D}.Release|Any CPU.Build.0 = Release|Any CPU
		{BABEF3B4-3826-44D7-B8AB-1730D3A7909D}.Release|x64.ActiveCfg = Release|Any CPU
		{BABEF3B4-3826-44D7-B8AB-1730D3A7909D}.Release|x64.Build.0 = Release|Any CPU
		{BABEF3B4-3826-44D7-B8AB-1730D3A7909D}.Release|x86.ActiveCfg = Release|Any CPU
		{BABEF3B4-3826-44D7-B8AB-1730D3A7909D}.Release|x86.Build.0 = Release|Any CPU
		{BABEF3B4-3826-44D7-B8AB-1730D3A7909D}.Debug|iPhoneSimulator.ActiveCfg = Debug|Any CPU
		{BABEF3B4-3826-44D7-B8AB-1730D3A7909D}.Debug|iPhoneSimulator.Build.0 = Debug|Any CPU
		{BABEF3B4-3826-44D7-B8AB-1730D3A7909D}.Release|iPhoneSimulator.ActiveCfg = Release|Any CPU
		{BABEF3B4-3826-44D7-B8AB-1730D3A7909D}.Release|iPhoneSimulator.Build.0 = Release|Any CPU
		{BABEF3B4-3826-44D7-B8AB-1730D3A7909D}.Debug|iPhone.ActiveCfg = Debug|Any CPU
		{BABEF3B4-3826-44D7-B8AB-1730D3A7909D}.Debug|iPhone.Build.0 = Debug|Any CPU
		{BABEF3B4-3826-44D7-B8AB-1730D3A7909D}.Release|iPhone.ActiveCfg = Release|Any CPU
		{BABEF3B4-3826-44D7-B8AB-1730D3A7909D}.Release|iPhone.Build.0 = Release|Any CPU
		{7B8A34D7-674A-43D7-A51B-264D081DAADB}.Debug|Any CPU.ActiveCfg = Debug|Any CPU
		{7B8A34D7-674A-43D7-A51B-264D081DAADB}.Debug|Any CPU.Build.0 = Debug|Any CPU
		{7B8A34D7-674A-43D7-A51B-264D081DAADB}.Release|Any CPU.ActiveCfg = Release|Any CPU
		{7B8A34D7-674A-43D7-A51B-264D081DAADB}.Release|Any CPU.Build.0 = Release|Any CPU
		{7B8A34D7-674A-43D7-A51B-264D081DAADB}.Debug|iPhoneSimulator.ActiveCfg = Debug|Any CPU
		{7B8A34D7-674A-43D7-A51B-264D081DAADB}.Debug|iPhoneSimulator.Build.0 = Debug|Any CPU
		{7B8A34D7-674A-43D7-A51B-264D081DAADB}.Release|iPhoneSimulator.ActiveCfg = Release|Any CPU
		{7B8A34D7-674A-43D7-A51B-264D081DAADB}.Release|iPhoneSimulator.Build.0 = Release|Any CPU
		{7B8A34D7-674A-43D7-A51B-264D081DAADB}.Debug|iPhone.ActiveCfg = Debug|Any CPU
		{7B8A34D7-674A-43D7-A51B-264D081DAADB}.Debug|iPhone.Build.0 = Debug|Any CPU
		{7B8A34D7-674A-43D7-A51B-264D081DAADB}.Release|iPhone.ActiveCfg = Release|Any CPU
		{7B8A34D7-674A-43D7-A51B-264D081DAADB}.Release|iPhone.Build.0 = Release|Any CPU
	EndGlobalSection
	GlobalSection(MonoDevelopProperties) = preSolution
		Policies = $0
		$0.DotNetNamingPolicy = $1
		$1.DirectoryNamespaceAssociation = PrefixedHierarchical
		$0.TextStylePolicy = $2
		$2.FileWidth = 80
		$2.TabsToSpaces = True
		$2.NoTabsAfterNonTabs = True
		$2.scope = text/x-csharp
		$0.CSharpFormattingPolicy = $3
		$3.scope = text/x-csharp
		$0.TextStylePolicy = $4
		$4.FileWidth = 80
		$4.TabsToSpaces = True
		$4.NoTabsAfterNonTabs = True
		$4.scope = text/plain
		$0.TextStylePolicy = $5
		$5.inheritsSet = null
		$5.scope = application/vnd.apple-xcode-storyboard
		$0.XmlFormattingPolicy = $6
		$6.inheritsSet = null
		$6.scope = application/vnd.apple-xcode-storyboard
		$0.TextStylePolicy = $7
		$7.inheritsSet = null
		$7.scope = application/xml
		$0.XmlFormattingPolicy = $8
		$8.DefaultFormat = $9
		$9.AttributesInNewLine = True
		$9.MaxAttributesPerLine = 1
		$8.scope = application/xml
	EndGlobalSection
EndGlobal
